
Microsoft Visual Studio Solution File, Format Version 12.00
# Visual Studio Version 16
VisualStudioVersion = 16.0.31911.196
MinimumVisualStudioVersion = 10.0.40219.1
Project("{FAE04EC0-301F-11D3-BF4B-00C04F79EFBC}") = "CRMApplication", "CRMApplication.csproj", "{D66DB3BF-2AA2-4146-BC31-DF65CA0C15F5}"
EndProject
Project("{FAE04EC0-301F-11D3-BF4B-00C04F79EFBC}") = "CRMWebAPI", "..\CRMWebAPI\CRMWebAPI.csproj", "{2EC1901F-55BF-4E97-AC12-1EE7F66B9BA2}"
EndProject
Project("{FAE04EC0-301F-11D3-BF4B-00C04F79EFBC}") = "CRMModelClassLiberary", "..\CRMModelClassLiberary\CRMModelClassLiberary.csproj", "{EF45D095-59EA-405C-B782-E1FE610D1A04}"
EndProject
Global
	GlobalSection(SolutionConfigurationPlatforms) = preSolution
		Debug|Any CPU = Debug|Any CPU
		Release|Any CPU = Release|Any CPU
	EndGlobalSection
	GlobalSection(ProjectConfigurationPlatforms) = postSolution
		{D66DB3BF-2AA2-4146-BC31-DF65CA0C15F5}.Debug|Any CPU.ActiveCfg = Debug|Any CPU
		{D66DB3BF-2AA2-4146-BC31-DF65CA0C15F5}.Debug|Any CPU.Build.0 = Debug|Any CPU
		{D66DB3BF-2AA2-4146-BC31-DF65CA0C15F5}.Release|Any CPU.ActiveCfg = Release|Any CPU
		{D66DB3BF-2AA2-4146-BC31-DF65CA0C15F5}.Release|Any CPU.Build.0 = Release|Any CPU
		{2EC1901F-55BF-4E97-AC12-1EE7F66B9BA2}.Debug|Any CPU.ActiveCfg = Debug|Any CPU
		{2EC1901F-55BF-4E97-AC12-1EE7F66B9BA2}.Debug|Any CPU.Build.0 = Debug|Any CPU
		{2EC1901F-55BF-4E97-AC12-1EE7F66B9BA2}.Release|Any CPU.ActiveCfg = Release|Any CPU
		{2EC1901F-55BF-4E97-AC12-1EE7F66B9BA2}.Release|Any CPU.Build.0 = Release|Any CPU
		{EF45D095-59EA-405C-B782-E1FE610D1A04}.Debug|Any CPU.ActiveCfg = Debug|Any CPU
		{EF45D095-59EA-405C-B782-E1FE610D1A04}.Debug|Any CPU.Build.0 = Debug|Any CPU
		{EF45D095-59EA-405C-B782-E1FE610D1A04}.Release|Any CPU.ActiveCfg = Release|Any CPU
		{EF45D095-59EA-405C-B782-E1FE610D1A04}.Release|Any CPU.Build.0 = Release|Any CPU
	EndGlobalSection
	GlobalSection(SolutionProperties) = preSolution
		HideSolutionNode = FALSE
	EndGlobalSection
	GlobalSection(ExtensibilityGlobals) = postSolution
		SolutionGuid = {C9BFF6DD-C87B-455F-B057-7D6881AA4550}
	EndGlobalSection
EndGlobal
