
Microsoft Visual Studio Solution File, Format Version 12.00
# Visual Studio Version 16
VisualStudioVersion = 16.0.31911.196
MinimumVisualStudioVersion = 10.0.40219.1
Project("{FAE04EC0-301F-11D3-BF4B-00C04F79EFBC}") = "Core WebAPI", "Core WebAPI\Core WebAPI.csproj", "{664F3F85-0BA4-415F-BD52-735E039FE84C}"
EndProject
Project("{FAE04EC0-301F-11D3-BF4B-00C04F79EFBC}") = "Core  WebAPI Client", "Core  WebAPI Client\Core  WebAPI Client.csproj", "{B8B18886-75A9-4F6B-9913-67087F19B008}"
EndProject
Global
	GlobalSection(SolutionConfigurationPlatforms) = preSolution
		Debug|Any CPU = Debug|Any CPU
		Release|Any CPU = Release|Any CPU
	EndGlobalSection
	GlobalSection(ProjectConfigurationPlatforms) = postSolution
		{664F3F85-0BA4-415F-BD52-735E039FE84C}.Debug|Any CPU.ActiveCfg = Debug|Any CPU
		{664F3F85-0BA4-415F-BD52-735E039FE84C}.Debug|Any CPU.Build.0 = Debug|Any CPU
		{664F3F85-0BA4-415F-BD52-735E039FE84C}.Release|Any CPU.ActiveCfg = Release|Any CPU
		{664F3F85-0BA4-415F-BD52-735E039FE84C}.Release|Any CPU.Build.0 = Release|Any CPU
		{B8B18886-75A9-4F6B-9913-67087F19B008}.Debug|Any CPU.ActiveCfg = Debug|Any CPU
		{B8B18886-75A9-4F6B-9913-67087F19B008}.Debug|Any CPU.Build.0 = Debug|Any CPU
		{B8B18886-75A9-4F6B-9913-67087F19B008}.Release|Any CPU.ActiveCfg = Release|Any CPU
		{B8B18886-75A9-4F6B-9913-67087F19B008}.Release|Any CPU.Build.0 = Release|Any CPU
	EndGlobalSection
	GlobalSection(SolutionProperties) = preSolution
		HideSolutionNode = FALSE
	EndGlobalSection
	GlobalSection(ExtensibilityGlobals) = postSolution
		SolutionGuid = {EBAA551F-AB8C-46AF-9CDD-FD8417794749}
	EndGlobalSection
EndGlobal
