
Microsoft Visual Studio Solution File, Format Version 12.00
# Visual Studio 2013
VisualStudioVersion = 12.0.31101.0
MinimumVisualStudioVersion = 10.0.40219.1
Project("{F14B399A-7131-4C87-9E4B-1186C45EF12D}") = "TestReport", "TestReport\TestReport.rptproj", "{BA0A099C-C375-40F9-9358-E12B8474F0D3}"
EndProject
Global
	GlobalSection(SolutionConfigurationPlatforms) = preSolution
		Debug|Default = Debug|Default
		DebugLocal|Default = DebugLocal|Default
		Release|Default = Release|Default
	EndGlobalSection
	GlobalSection(ProjectConfigurationPlatforms) = postSolution
		{BA0A099C-C375-40F9-9358-E12B8474F0D3}.Debug|Default.ActiveCfg = Debug
		{BA0A099C-C375-40F9-9358-E12B8474F0D3}.Debug|Default.Build.0 = Debug
		{BA0A099C-C375-40F9-9358-E12B8474F0D3}.Debug|Default.Deploy.0 = Debug
		{BA0A099C-C375-40F9-9358-E12B8474F0D3}.DebugLocal|Default.ActiveCfg = DebugLocal
		{BA0A099C-C375-40F9-9358-E12B8474F0D3}.DebugLocal|Default.Build.0 = DebugLocal
		{BA0A099C-C375-40F9-9358-E12B8474F0D3}.Release|Default.ActiveCfg = Release
		{BA0A099C-C375-40F9-9358-E12B8474F0D3}.Release|Default.Build.0 = Release
		{BA0A099C-C375-40F9-9358-E12B8474F0D3}.Release|Default.Deploy.0 = Release
	EndGlobalSection
	GlobalSection(SolutionProperties) = preSolution
		HideSolutionNode = FALSE
	EndGlobalSection
EndGlobal
