
Microsoft Visual Studio Solution File, Format Version 12.00
# Visual Studio 2013
VisualStudioVersion = 12.0.31101.0
MinimumVisualStudioVersion = 10.0.40219.1
Project("{F14B399A-7131-4C87-9E4B-1186C45EF12D}") = "Report R And D", "Report R And D\Report R And D.rptproj", "{578E7D30-CE64-4EDC-A9EB-FCDF4E46666F}"
EndProject
Global
	GlobalSection(SolutionConfigurationPlatforms) = preSolution
		Debug|Default = Debug|Default
		DebugLocal|Default = DebugLocal|Default
		Release|Default = Release|Default
	EndGlobalSection
	GlobalSection(ProjectConfigurationPlatforms) = postSolution
		{578E7D30-CE64-4EDC-A9EB-FCDF4E46666F}.Debug|Default.ActiveCfg = Debug
		{578E7D30-CE64-4EDC-A9EB-FCDF4E46666F}.Debug|Default.Build.0 = Debug
		{578E7D30-CE64-4EDC-A9EB-FCDF4E46666F}.Debug|Default.Deploy.0 = Debug
		{578E7D30-CE64-4EDC-A9EB-FCDF4E46666F}.DebugLocal|Default.ActiveCfg = DebugLocal
		{578E7D30-CE64-4EDC-A9EB-FCDF4E46666F}.DebugLocal|Default.Build.0 = DebugLocal
		{578E7D30-CE64-4EDC-A9EB-FCDF4E46666F}.Release|Default.ActiveCfg = Release
		{578E7D30-CE64-4EDC-A9EB-FCDF4E46666F}.Release|Default.Build.0 = Release
		{578E7D30-CE64-4EDC-A9EB-FCDF4E46666F}.Release|Default.Deploy.0 = Release
	EndGlobalSection
	GlobalSection(SolutionProperties) = preSolution
		HideSolutionNode = FALSE
	EndGlobalSection
EndGlobal
