
Microsoft Visual Studio Solution File, Format Version 12.00
# Visual Studio Version 16
VisualStudioVersion = 16.0.31205.134
MinimumVisualStudioVersion = 10.0.40219.1
Project("{FAE04EC0-301F-11D3-BF4B-00C04F79EFBC}") = "WebLoginAuthentication", "WebLoginAuthentication\WebLoginAuthentication.csproj", "{903883DB-DC13-4E94-A6B8-5B76870E6921}"
EndProject
Global
	GlobalSection(SolutionConfigurationPlatforms) = preSolution
		Debug|Any CPU = Debug|Any CPU
		Release|Any CPU = Release|Any CPU
	EndGlobalSection
	GlobalSection(ProjectConfigurationPlatforms) = postSolution
		{903883DB-DC13-4E94-A6B8-5B76870E6921}.Debug|Any CPU.ActiveCfg = Debug|Any CPU
		{903883DB-DC13-4E94-A6B8-5B76870E6921}.Debug|Any CPU.Build.0 = Debug|Any CPU
		{903883DB-DC13-4E94-A6B8-5B76870E6921}.Release|Any CPU.ActiveCfg = Release|Any CPU
		{903883DB-DC13-4E94-A6B8-5B76870E6921}.Release|Any CPU.Build.0 = Release|Any CPU
	EndGlobalSection
	GlobalSection(SolutionProperties) = preSolution
		HideSolutionNode = FALSE
	EndGlobalSection
	GlobalSection(ExtensibilityGlobals) = postSolution
		SolutionGuid = {7936CA00-9F20-41AF-B492-40AE4AAE4878}
	EndGlobalSection
EndGlobal
